// !$*UTF8*$!
{
	archiveVersion = 1;
	classes = {
	};
	objectVersion = 46;
	objects = {

/* Begin PBXBuildFile section */
		742929431CB214BB0029FE3D /* AppDelegate.swift in Sources */ = {isa = PBXBuildFile; fileRef = 742929421CB214BB0029FE3D /* AppDelegate.swift */; };
		742929451CB214BB0029FE3D /* ViewController.swift in Sources */ = {isa = PBXBuildFile; fileRef = 742929441CB214BB0029FE3D /* ViewController.swift */; };
		742929481CB214BB0029FE3D /* Main.storyboard in Resources */ = {isa = PBXBuildFile; fileRef = 742929461CB214BB0029FE3D /* Main.storyboard */; };
		7429294A1CB214BB0029FE3D /* Assets.xcassets in Resources */ = {isa = PBXBuildFile; fileRef = 742929491CB214BB0029FE3D /* Assets.xcassets */; };
		7429294D1CB214BB0029FE3D /* LaunchScreen.storyboard in Resources */ = {isa = PBXBuildFile; fileRef = 7429294B1CB214BB0029FE3D /* LaunchScreen.storyboard */; };
		742929581CB214BB0029FE3D /* playgroundsTests.swift in Sources */ = {isa = PBXBuildFile; fileRef = 742929571CB214BB0029FE3D /* playgroundsTests.swift */; };
		742929631CB214BB0029FE3D /* playgroundsUITests.swift in Sources */ = {isa = PBXBuildFile; fileRef = 742929621CB214BB0029FE3D /* playgroundsUITests.swift */; };
/* End PBXBuildFile section */

/* Begin PBXContainerItemProxy section */
		742929541CB214BB0029FE3D /* PBXContainerItemProxy */ = {
			isa = PBXContainerItemProxy;
			containerPortal = 742929371CB214BB0029FE3D /* Project object */;
			proxyType = 1;
			remoteGlobalIDString = 7429293E1CB214BB0029FE3D;
			remoteInfo = playgrounds;
		};
		7429295F1CB214BB0029FE3D /* PBXContainerItemProxy */ = {
			isa = PBXContainerItemProxy;
			containerPortal = 742929371CB214BB0029FE3D /* Project object */;
			proxyType = 1;
			remoteGlobalIDString = 7429293E1CB214BB0029FE3D;
			remoteInfo = playgrounds;
		};
/* End PBXContainerItemProxy section */

/* Begin PBXFileReference section */
		7429293F1CB214BB0029FE3D /* playgrounds.app */ = {isa = PBXFileReference; explicitFileType = wrapper.application; includeInIndex = 0; path = playgrounds.app; sourceTree = BUILT_PRODUCTS_DIR; };
		742929421CB214BB0029FE3D /* AppDelegate.swift */ = {isa = PBXFileReference; lastKnownFileType = sourcecode.swift; path = AppDelegate.swift; sourceTree = "<group>"; };
		742929441CB214BB0029FE3D /* ViewController.swift */ = {isa = PBXFileReference; lastKnownFileType = sourcecode.swift; path = ViewController.swift; sourceTree = "<group>"; };
		742929471CB214BB0029FE3D /* Base */ = {isa = PBXFileReference; lastKnownFileType = file.storyboard; name = Base; path = Base.lproj/Main.storyboard; sourceTree = "<group>"; };
		742929491CB214BB0029FE3D /* Assets.xcassets */ = {isa = PBXFileReference; lastKnownFileType = folder.assetcatalog; path = Assets.xcassets; sourceTree = "<group>"; };
		7429294C1CB214BB0029FE3D /* Base */ = {isa = PBXFileReference; lastKnownFileType = file.storyboard; name = Base; path = Base.lproj/LaunchScreen.storyboard; sourceTree = "<group>"; };
		7429294E1CB214BB0029FE3D /* Info.plist */ = {isa = PBXFileReference; lastKnownFileType = text.plist.xml; path = Info.plist; sourceTree = "<group>"; };
		742929531CB214BB0029FE3D /* playgroundsTests.xctest */ = {isa = PBXFileReference; explicitFileType = wrapper.cfbundle; includeInIndex = 0; path = playgroundsTests.xctest; sourceTree = BUILT_PRODUCTS_DIR; };
		742929571CB214BB0029FE3D /* playgroundsTests.swift */ = {isa = PBXFileReference; lastKnownFileType = sourcecode.swift; path = playgroundsTests.swift; sourceTree = "<group>"; };
		742929591CB214BB0029FE3D /* Info.plist */ = {isa = PBXFileReference; lastKnownFileType = text.plist.xml; path = Info.plist; sourceTree = "<group>"; };
		7429295E1CB214BB0029FE3D /* playgroundsUITests.xctest */ = {isa = PBXFileReference; explicitFileType = wrapper.cfbundle; includeInIndex = 0; path = playgroundsUITests.xctest; sourceTree = BUILT_PRODUCTS_DIR; };
		742929621CB214BB0029FE3D /* playgroundsUITests.swift */ = {isa = PBXFileReference; lastKnownFileType = sourcecode.swift; path = playgroundsUITests.swift; sourceTree = "<group>"; };
		742929641CB214BB0029FE3D /* Info.plist */ = {isa = PBXFileReference; lastKnownFileType = text.plist.xml; path = Info.plist; sourceTree = "<group>"; };
/* End PBXFileReference section */

/* Begin PBXFrameworksBuildPhase section */
		7429293C1CB214BB0029FE3D /* Frameworks */ = {
			isa = PBXFrameworksBuildPhase;
			buildActionMask = 2147483647;
			files = (
			);
			runOnlyForDeploymentPostprocessing = 0;
		};
		742929501CB214BB0029FE3D /* Frameworks */ = {
			isa = PBXFrameworksBuildPhase;
			buildActionMask = 2147483647;
			files = (
			);
			runOnlyForDeploymentPostprocessing = 0;
		};
		7429295B1CB214BB0029FE3D /* Frameworks */ = {
			isa = PBXFrameworksBuildPhase;
			buildActionMask = 2147483647;
			files = (
			);
			runOnlyForDeploymentPostprocessing = 0;
		};
/* End PBXFrameworksBuildPhase section */

/* Begin PBXGroup section */
		742929361CB214BB0029FE3D = {
			isa = PBXGroup;
			children = (
				742929411CB214BB0029FE3D /* playgrounds */,
				742929561CB214BB0029FE3D /* playgroundsTests */,
				742929611CB214BB0029FE3D /* playgroundsUITests */,
				742929401CB214BB0029FE3D /* Products */,
			);
			sourceTree = "<group>";
		};
		742929401CB214BB0029FE3D /* Products */ = {
			isa = PBXGroup;
			children = (
				7429293F1CB214BB0029FE3D /* playgrounds.app */,
				742929531CB214BB0029FE3D /* playgroundsTests.xctest */,
				7429295E1CB214BB0029FE3D /* playgroundsUITests.xctest */,
			);
			name = Products;
			sourceTree = "<group>";
		};
		742929411CB214BB0029FE3D /* playgrounds */ = {
			isa = PBXGroup;
			children = (
				742929421CB214BB0029FE3D /* AppDelegate.swift */,
				742929441CB214BB0029FE3D /* ViewController.swift */,
				742929461CB214BB0029FE3D /* Main.storyboard */,
				742929491CB214BB0029FE3D /* Assets.xcassets */,
				7429294B1CB214BB0029FE3D /* LaunchScreen.storyboard */,
				7429294E1CB214BB0029FE3D /* Info.plist */,
			);
			path = playgrounds;
			sourceTree = "<group>";
		};
		742929561CB214BB0029FE3D /* playgroundsTests */ = {
			isa = PBXGroup;
			children = (
				742929571CB214BB0029FE3D /* playgroundsTests.swift */,
				742929591CB214BB0029FE3D /* Info.plist */,
			);
			path = playgroundsTests;
			sourceTree = "<group>";
		};
		742929611CB214BB0029FE3D /* playgroundsUITests */ = {
			isa = PBXGroup;
			children = (
				742929621CB214BB0029FE3D /* playgroundsUITests.swift */,
				742929641CB214BB0029FE3D /* Info.plist */,
			);
			path = playgroundsUITests;
			sourceTree = "<group>";
		};
/* End PBXGroup section */

/* Begin PBXNativeTarget section */
		7429293E1CB214BB0029FE3D /* playgrounds */ = {
			isa = PBXNativeTarget;
			buildConfigurationList = 742929671CB214BB0029FE3D /* Build configuration list for PBXNativeTarget "playgrounds" */;
			buildPhases = (
				7429293B1CB214BB0029FE3D /* Sources */,
				7429293C1CB214BB0029FE3D /* Frameworks */,
				7429293D1CB214BB0029FE3D /* Resources */,
			);
			buildRules = (
			);
			dependencies = (
			);
			name = playgrounds;
			productName = playgrounds;
			productReference = 7429293F1CB214BB0029FE3D /* playgrounds.app */;
			productType = "com.apple.product-type.application";
		};
		742929521CB214BB0029FE3D /* playgroundsTests */ = {
			isa = PBXNativeTarget;
			buildConfigurationList = 7429296A1CB214BB0029FE3D /* Build configuration list for PBXNativeTarget "playgroundsTests" */;
			buildPhases = (
				7429294F1CB214BB0029FE3D /* Sources */,
				742929501CB214BB0029FE3D /* Frameworks */,
				742929511CB214BB0029FE3D /* Resources */,
			);
			buildRules = (
			);
			dependencies = (
				742929551CB214BB0029FE3D /* PBXTargetDependency */,
			);
			name = playgroundsTests;
			productName = playgroundsTests;
			productReference = 742929531CB214BB0029FE3D /* playgroundsTests.xctest */;
			productType = "com.apple.product-type.bundle.unit-test";
		};
		7429295D1CB214BB0029FE3D /* playgroundsUITests */ = {
			isa = PBXNativeTarget;
			buildConfigurationList = 7429296D1CB214BB0029FE3D /* Build configuration list for PBXNativeTarget "playgroundsUITests" */;
			buildPhases = (
				7429295A1CB214BB0029FE3D /* Sources */,
				7429295B1CB214BB0029FE3D /* Frameworks */,
				7429295C1CB214BB0029FE3D /* Resources */,
			);
			buildRules = (
			);
			dependencies = (
				742929601CB214BB0029FE3D /* PBXTargetDependency */,
			);
			name = playgroundsUITests;
			productName = playgroundsUITests;
			productReference = 7429295E1CB214BB0029FE3D /* playgroundsUITests.xctest */;
			productType = "com.apple.product-type.bundle.ui-testing";
		};
/* End PBXNativeTarget section */

/* Begin PBXProject section */
		742929371CB214BB0029FE3D /* Project object */ = {
			isa = PBXProject;
			attributes = {
				LastSwiftUpdateCheck = 0730;
				LastUpgradeCheck = 0730;
				ORGANIZATIONNAME = anuchaturvedi;
				TargetAttributes = {
					7429293E1CB214BB0029FE3D = {
						CreatedOnToolsVersion = 7.3;
					};
					742929521CB214BB0029FE3D = {
						CreatedOnToolsVersion = 7.3;
						TestTargetID = 7429293E1CB214BB0029FE3D;
					};
					7429295D1CB214BB0029FE3D = {
						CreatedOnToolsVersion = 7.3;
						TestTargetID = 7429293E1CB214BB0029FE3D;
					};
				};
			};
			buildConfigurationList = 7429293A1CB214BB0029FE3D /* Build configuration list for PBXProject "playgrounds" */;
			compatibilityVersion = "Xcode 3.2";
			developmentRegion = English;
			hasScannedForEncodings = 0;
			knownRegions = (
				en,
				Base,
			);
			mainGroup = 742929361CB214BB0029FE3D;
			productRefGroup = 742929401CB214BB0029FE3D /* Products */;
			projectDirPath = "";
			projectRoot = "";
			targets = (
				7429293E1CB214BB0029FE3D /* playgrounds */,
				742929521CB214BB0029FE3D /* playgroundsTests */,
				7429295D1CB214BB0029FE3D /* playgroundsUITests */,
			);
		};
/* End PBXProject section */

/* Begin PBXResourcesBuildPhase section */
		7429293D1CB214BB0029FE3D /* Resources */ = {
			isa = PBXResourcesBuildPhase;
			buildActionMask = 2147483647;
			files = (
				7429294D1CB214BB0029FE3D /* LaunchScreen.storyboard in Resources */,
				7429294A1CB214BB0029FE3D /* Assets.xcassets in Resources */,
				742929481CB214BB0029FE3D /* Main.storyboard in Resources */,
			);
			runOnlyForDeploymentPostprocessing = 0;
		};
		742929511CB214BB0029FE3D /* Resources */ = {
			isa = PBXResourcesBuildPhase;
			buildActionMask = 2147483647;
			files = (
			);
			runOnlyForDeploymentPostprocessing = 0;
		};
		7429295C1CB214BB0029FE3D /* Resources */ = {
			isa = PBXResourcesBuildPhase;
			buildActionMask = 2147483647;
			files = (
			);
			runOnlyForDeploymentPostprocessing = 0;
		};
/* End PBXResourcesBuildPhase section */

/* Begin PBXSourcesBuildPhase section */
		7429293B1CB214BB0029FE3D /* Sources */ = {
			isa = PBXSourcesBuildPhase;
			buildActionMask = 2147483647;
			files = (
				742929451CB214BB0029FE3D /* ViewController.swift in Sources */,
				742929431CB214BB0029FE3D /* AppDelegate.swift in Sources */,
			);
			runOnlyForDeploymentPostprocessing = 0;
		};
		7429294F1CB214BB0029FE3D /* Sources */ = {
			isa = PBXSourcesBuildPhase;
			buildActionMask = 2147483647;
			files = (
				742929581CB214BB0029FE3D /* playgroundsTests.swift in Sources */,
			);
			runOnlyForDeploymentPostprocessing = 0;
		};
		7429295A1CB214BB0029FE3D /* Sources */ = {
			isa = PBXSourcesBuildPhase;
			buildActionMask = 2147483647;
			files = (
				742929631CB214BB0029FE3D /* playgroundsUITests.swift in Sources */,
			);
			runOnlyForDeploymentPostprocessing = 0;
		};
/* End PBXSourcesBuildPhase section */

/* Begin PBXTargetDependency section */
		742929551CB214BB0029FE3D /* PBXTargetDependency */ = {
			isa = PBXTargetDependency;
			target = 7429293E1CB214BB0029FE3D /* playgrounds */;
			targetProxy = 742929541CB214BB0029FE3D /* PBXContainerItemProxy */;
		};
		742929601CB214BB0029FE3D /* PBXTargetDependency */ = {
			isa = PBXTargetDependency;
			target = 7429293E1CB214BB0029FE3D /* playgrounds */;
			targetProxy = 7429295F1CB214BB0029FE3D /* PBXContainerItemProxy */;
		};
/* End PBXTargetDependency section */

/* Begin PBXVariantGroup section */
		742929461CB214BB0029FE3D /* Main.storyboard */ = {
			isa = PBXVariantGroup;
			children = (
				742929471CB214BB0029FE3D /* Base */,
			);
			name = Main.storyboard;
			sourceTree = "<group>";
		};
		7429294B1CB214BB0029FE3D /* LaunchScreen.storyboard */ = {
			isa = PBXVariantGroup;
			children = (
				7429294C1CB214BB0029FE3D /* Base */,
			);
			name = LaunchScreen.storyboard;
			sourceTree = "<group>";
		};
/* End PBXVariantGroup section */

/* Begin XCBuildConfiguration section */
		742929651CB214BB0029FE3D /* Debug */ = {
			isa = XCBuildConfiguration;
			buildSettings = {
				ALWAYS_SEARCH_USER_PATHS = NO;
				CLANG_ANALYZER_NONNULL = YES;
				CLANG_CXX_LANGUAGE_STANDARD = "gnu++0x";
				CLANG_CXX_LIBRARY = "libc++";
				CLANG_ENABLE_MODULES = YES;
				CLANG_ENABLE_OBJC_ARC = YES;
				CLANG_WARN_BOOL_CONVERSION = YES;
				CLANG_WARN_CONSTANT_CONVERSION = YES;
				CLANG_WARN_DIRECT_OBJC_ISA_USAGE = YES_ERROR;
				CLANG_WARN_EMPTY_BODY = YES;
				CLANG_WARN_ENUM_CONVERSION = YES;
				CLANG_WARN_INT_CONVERSION = YES;
				CLANG_WARN_OBJC_ROOT_CLASS = YES_ERROR;
				CLANG_WARN_UNREACHABLE_CODE = YES;
				CLANG_WARN__DUPLICATE_METHOD_MATCH = YES;
				"CODE_SIGN_IDENTITY[sdk=iphoneos*]" = "iPhone Developer";
				COPY_PHASE_STRIP = NO;
				DEBUG_INFORMATION_FORMAT = dwarf;
				ENABLE_STRICT_OBJC_MSGSEND = YES;
				ENABLE_TESTABILITY = YES;
				GCC_C_LANGUAGE_STANDARD = gnu99;
				GCC_DYNAMIC_NO_PIC = NO;
				GCC_NO_COMMON_BLOCKS = YES;
				GCC_OPTIMIZATION_LEVEL = 0;
				GCC_PREPROCESSOR_DEFINITIONS = (
					"DEBUG=1",
					"$(inherited)",
				);
				GCC_WARN_64_TO_32_BIT_CONVERSION = YES;
				GCC_WARN_ABOUT_RETURN_TYPE = YES_ERROR;
				GCC_WARN_UNDECLARED_SELECTOR = YES;
				GCC_WARN_UNINITIALIZED_AUTOS = YES_AGGRESSIVE;
				GCC_WARN_UNUSED_FUNCTION = YES;
				GCC_WARN_UNUSED_VARIABLE = YES;
				IPHONEOS_DEPLOYMENT_TARGET = 9.3;
				MTL_ENABLE_DEBUG_INFO = YES;
				ONLY_ACTIVE_ARCH = YES;
				SDKROOT = iphoneos;
				SWIFT_OPTIMIZATION_LEVEL = "-Onone";
				TARGETED_DEVICE_FAMILY = "1,2";
			};
			name = Debug;
		};
		742929661CB214BB0029FE3D /* Release */ = {
			isa = XCBuildConfiguration;
			buildSettings = {
				ALWAYS_SEARCH_USER_PATHS = NO;
				CLANG_ANALYZER_NONNULL = YES;
				CLANG_CXX_LANGUAGE_STANDARD = "gnu++0x";
				CLANG_CXX_LIBRARY = "libc++";
				CLANG_ENABLE_MODULES = YES;
				CLANG_ENABLE_OBJC_ARC = YES;
				CLANG_WARN_BOOL_CONVERSION = YES;
				CLANG_WARN_CONSTANT_CONVERSION = YES;
				CLANG_WARN_DIRECT_OBJC_ISA_USAGE = YES_ERROR;
				CLANG_WARN_EMPTY_BODY = YES;
				CLANG_WARN_ENUM_CONVERSION = YES;
				CLANG_WARN_INT_CONVERSION = YES;
				CLANG_WARN_OBJC_ROOT_CLASS = YES_ERROR;
				CLANG_WARN_UNREACHABLE_CODE = YES;
				CLANG_WARN__DUPLICATE_METHOD_MATCH = YES;
				"CODE_SIGN_IDENTITY[sdk=iphoneos*]" = "iPhone Developer";
				COPY_PHASE_STRIP = NO;
				DEBUG_INFORMATION_FORMAT = "dwarf-with-dsym";
				ENABLE_NS_ASSERTIONS = NO;
				ENABLE_STRICT_OBJC_MSGSEND = YES;
				GCC_C_LANGUAGE_STANDARD = gnu99;
				GCC_NO_COMMON_BLOCKS = YES;
				GCC_WARN_64_TO_32_BIT_CONVERSION = YES;
				GCC_WARN_ABOUT_RETURN_TYPE = YES_ERROR;
				GCC_WARN_UNDECLARED_SELECTOR = YES;
				GCC_WARN_UNINITIALIZED_AUTOS = YES_AGGRESSIVE;
				GCC_WARN_UNUSED_FUNCTION = YES;
				GCC_WARN_UNUSED_VARIABLE = YES;
				IPHONEOS_DEPLOYMENT_TARGET = 9.3;
				MTL_ENABLE_DEBUG_INFO = NO;
				SDKROOT = iphoneos;
				TARGETED_DEVICE_FAMILY = "1,2";
				VALIDATE_PRODUCT = YES;
			};
			name = Release;
		};
		742929681CB214BB0029FE3D /* Debug */ = {
			isa = XCBuildConfiguration;
			buildSettings = {
				ASSETCATALOG_COMPILER_APPICON_NAME = AppIcon;
				INFOPLIST_FILE = playgrounds/Info.plist;
				LD_RUNPATH_SEARCH_PATHS = "$(inherited) @executable_path/Frameworks";
				PRODUCT_BUNDLE_IDENTIFIER = anuchaturvedi.playgrounds;
				PRODUCT_NAME = "$(TARGET_NAME)";
			};
			name = Debug;
		};
		742929691CB214BB0029FE3D /* Release */ = {
			isa = XCBuildConfiguration;
			buildSettings = {
				ASSETCATALOG_COMPILER_APPICON_NAME = AppIcon;
				INFOPLIST_FILE = playgrounds/Info.plist;
				LD_RUNPATH_SEARCH_PATHS = "$(inherited) @executable_path/Frameworks";
				PRODUCT_BUNDLE_IDENTIFIER = anuchaturvedi.playgrounds;
				PRODUCT_NAME = "$(TARGET_NAME)";
			};
			name = Release;
		};
		7429296B1CB214BB0029FE3D /* Debug */ = {
			isa = XCBuildConfiguration;
			buildSettings = {
				BUNDLE_LOADER = "$(TEST_HOST)";
				INFOPLIST_FILE = playgroundsTests/Info.plist;
				LD_RUNPATH_SEARCH_PATHS = "$(inherited) @executable_path/Frameworks @loader_path/Frameworks";
				PRODUCT_BUNDLE_IDENTIFIER = anuchaturvedi.playgroundsTests;
				PRODUCT_NAME = "$(TARGET_NAME)";
				TEST_HOST = "$(BUILT_PRODUCTS_DIR)/playgrounds.app/playgrounds";
			};
			name = Debug;
		};
		7429296C1CB214BB0029FE3D /* Release */ = {
			isa = XCBuildConfiguration;
			buildSettings = {
				BUNDLE_LOADER = "$(TEST_HOST)";
				INFOPLIST_FILE = playgroundsTests/Info.plist;
				LD_RUNPATH_SEARCH_PATHS = "$(inherited) @executable_path/Frameworks @loader_path/Frameworks";
				PRODUCT_BUNDLE_IDENTIFIER = anuchaturvedi.playgroundsTests;
				PRODUCT_NAME = "$(TARGET_NAME)";
				TEST_HOST = "$(BUILT_PRODUCTS_DIR)/playgrounds.app/playgrounds";
			};
			name = Release;
		};
		7429296E1CB214BB0029FE3D /* Debug */ = {
			isa = XCBuildConfiguration;
			buildSettings = {
				INFOPLIST_FILE = playgroundsUITests/Info.plist;
				LD_RUNPATH_SEARCH_PATHS = "$(inherited) @executable_path/Frameworks @loader_path/Frameworks";
				PRODUCT_BUNDLE_IDENTIFIER = anuchaturvedi.playgroundsUITests;
				PRODUCT_NAME = "$(TARGET_NAME)";
				TEST_TARGET_NAME = playgrounds;
			};
			name = Debug;
		};
		7429296F1CB214BB0029FE3D /* Release */ = {
			isa = XCBuildConfiguration;
			buildSettings = {
				INFOPLIST_FILE = playgroundsUITests/Info.plist;
				LD_RUNPATH_SEARCH_PATHS = "$(inherited) @executable_path/Frameworks @loader_path/Frameworks";
				PRODUCT_BUNDLE_IDENTIFIER = anuchaturvedi.playgroundsUITests;
				PRODUCT_NAME = "$(TARGET_NAME)";
				TEST_TARGET_NAME = playgrounds;
			};
			name = Release;
		};
/* End XCBuildConfiguration section */

/* Begin XCConfigurationList section */
		7429293A1CB214BB0029FE3D /* Build configuration list for PBXProject "playgrounds" */ = {
			isa = XCConfigurationList;
			buildConfigurations = (
				742929651CB214BB0029FE3D /* Debug */,
				742929661CB214BB0029FE3D /* Release */,
			);
			defaultConfigurationIsVisible = 0;
			defaultConfigurationName = Release;
		};
		742929671CB214BB0029FE3D /* Build configuration list for PBXNativeTarget "playgrounds" */ = {
			isa = XCConfigurationList;
			buildConfigurations = (
				742929681CB214BB0029FE3D /* Debug */,
				742929691CB214BB0029FE3D /* Release */,
			);
			defaultConfigurationIsVisible = 0;
		};
		7429296A1CB214BB0029FE3D /* Build configuration list for PBXNativeTarget "playgroundsTests" */ = {
			isa = XCConfigurationList;
			buildConfigurations = (
				7429296B1CB214BB0029FE3D /* Debug */,
				7429296C1CB214BB0029FE3D /* Release */,
			);
			defaultConfigurationIsVisible = 0;
		};
		7429296D1CB214BB0029FE3D /* Build configuration list for PBXNativeTarget "playgroundsUITests" */ = {
			isa = XCConfigurationList;
			buildConfigurations = (
				7429296E1CB214BB0029FE3D /* Debug */,
				7429296F1CB214BB0029FE3D /* Release */,
			);
			defaultConfigurationIsVisible = 0;
		};
/* End XCConfigurationList section */
	};
	rootObject = 742929371CB214BB0029FE3D /* Project object */;
}
