// !$*UTF8*$!
{
	archiveVersion = 1;
	classes = {
	};
	objectVersion = 46;
	objects = {

/* Begin PBXBuildFile section */
		74292A2B1CC1B9500029FE3D /* AppDelegate.swift in Sources */ = {isa = PBXBuildFile; fileRef = 74292A2A1CC1B9500029FE3D /* AppDelegate.swift */; };
		74292A2D1CC1B9500029FE3D /* ViewController.swift in Sources */ = {isa = PBXBuildFile; fileRef = 74292A2C1CC1B9500029FE3D /* ViewController.swift */; };
		74292A301CC1B9500029FE3D /* Main.storyboard in Resources */ = {isa = PBXBuildFile; fileRef = 74292A2E1CC1B9500029FE3D /* Main.storyboard */; };
		74292A321CC1B9500029FE3D /* Assets.xcassets in Resources */ = {isa = PBXBuildFile; fileRef = 74292A311CC1B9500029FE3D /* Assets.xcassets */; };
		74292A351CC1B9500029FE3D /* LaunchScreen.storyboard in Resources */ = {isa = PBXBuildFile; fileRef = 74292A331CC1B9500029FE3D /* LaunchScreen.storyboard */; };
		74292A401CC1B9500029FE3D /* section5_tableViewsTests.swift in Sources */ = {isa = PBXBuildFile; fileRef = 74292A3F1CC1B9500029FE3D /* section5_tableViewsTests.swift */; };
		74292A4B1CC1B9500029FE3D /* section5_tableViewsUITests.swift in Sources */ = {isa = PBXBuildFile; fileRef = 74292A4A1CC1B9500029FE3D /* section5_tableViewsUITests.swift */; };
/* End PBXBuildFile section */

/* Begin PBXContainerItemProxy section */
		74292A3C1CC1B9500029FE3D /* PBXContainerItemProxy */ = {
			isa = PBXContainerItemProxy;
			containerPortal = 74292A1F1CC1B9500029FE3D /* Project object */;
			proxyType = 1;
			remoteGlobalIDString = 74292A261CC1B9500029FE3D;
			remoteInfo = section5_tableViews;
		};
		74292A471CC1B9500029FE3D /* PBXContainerItemProxy */ = {
			isa = PBXContainerItemProxy;
			containerPortal = 74292A1F1CC1B9500029FE3D /* Project object */;
			proxyType = 1;
			remoteGlobalIDString = 74292A261CC1B9500029FE3D;
			remoteInfo = section5_tableViews;
		};
/* End PBXContainerItemProxy section */

/* Begin PBXFileReference section */
		74292A271CC1B9500029FE3D /* section5_tableViews.app */ = {isa = PBXFileReference; explicitFileType = wrapper.application; includeInIndex = 0; path = section5_tableViews.app; sourceTree = BUILT_PRODUCTS_DIR; };
		74292A2A1CC1B9500029FE3D /* AppDelegate.swift */ = {isa = PBXFileReference; lastKnownFileType = sourcecode.swift; path = AppDelegate.swift; sourceTree = "<group>"; };
		74292A2C1CC1B9500029FE3D /* ViewController.swift */ = {isa = PBXFileReference; lastKnownFileType = sourcecode.swift; path = ViewController.swift; sourceTree = "<group>"; };
		74292A2F1CC1B9500029FE3D /* Base */ = {isa = PBXFileReference; lastKnownFileType = file.storyboard; name = Base; path = Base.lproj/Main.storyboard; sourceTree = "<group>"; };
		74292A311CC1B9500029FE3D /* Assets.xcassets */ = {isa = PBXFileReference; lastKnownFileType = folder.assetcatalog; path = Assets.xcassets; sourceTree = "<group>"; };
		74292A341CC1B9500029FE3D /* Base */ = {isa = PBXFileReference; lastKnownFileType = file.storyboard; name = Base; path = Base.lproj/LaunchScreen.storyboard; sourceTree = "<group>"; };
		74292A361CC1B9500029FE3D /* Info.plist */ = {isa = PBXFileReference; lastKnownFileType = text.plist.xml; path = Info.plist; sourceTree = "<group>"; };
		74292A3B1CC1B9500029FE3D /* section5_tableViewsTests.xctest */ = {isa = PBXFileReference; explicitFileType = wrapper.cfbundle; includeInIndex = 0; path = section5_tableViewsTests.xctest; sourceTree = BUILT_PRODUCTS_DIR; };
		74292A3F1CC1B9500029FE3D /* section5_tableViewsTests.swift */ = {isa = PBXFileReference; lastKnownFileType = sourcecode.swift; path = section5_tableViewsTests.swift; sourceTree = "<group>"; };
		74292A411CC1B9500029FE3D /* Info.plist */ = {isa = PBXFileReference; lastKnownFileType = text.plist.xml; path = Info.plist; sourceTree = "<group>"; };
		74292A461CC1B9500029FE3D /* section5_tableViewsUITests.xctest */ = {isa = PBXFileReference; explicitFileType = wrapper.cfbundle; includeInIndex = 0; path = section5_tableViewsUITests.xctest; sourceTree = BUILT_PRODUCTS_DIR; };
		74292A4A1CC1B9500029FE3D /* section5_tableViewsUITests.swift */ = {isa = PBXFileReference; lastKnownFileType = sourcecode.swift; path = section5_tableViewsUITests.swift; sourceTree = "<group>"; };
		74292A4C1CC1B9500029FE3D /* Info.plist */ = {isa = PBXFileReference; lastKnownFileType = text.plist.xml; path = Info.plist; sourceTree = "<group>"; };
/* End PBXFileReference section */

/* Begin PBXFrameworksBuildPhase section */
		74292A241CC1B9500029FE3D /* Frameworks */ = {
			isa = PBXFrameworksBuildPhase;
			buildActionMask = 2147483647;
			files = (
			);
			runOnlyForDeploymentPostprocessing = 0;
		};
		74292A381CC1B9500029FE3D /* Frameworks */ = {
			isa = PBXFrameworksBuildPhase;
			buildActionMask = 2147483647;
			files = (
			);
			runOnlyForDeploymentPostprocessing = 0;
		};
		74292A431CC1B9500029FE3D /* Frameworks */ = {
			isa = PBXFrameworksBuildPhase;
			buildActionMask = 2147483647;
			files = (
			);
			runOnlyForDeploymentPostprocessing = 0;
		};
/* End PBXFrameworksBuildPhase section */

/* Begin PBXGroup section */
		74292A1E1CC1B9500029FE3D = {
			isa = PBXGroup;
			children = (
				74292A291CC1B9500029FE3D /* section5_tableViews */,
				74292A3E1CC1B9500029FE3D /* section5_tableViewsTests */,
				74292A491CC1B9500029FE3D /* section5_tableViewsUITests */,
				74292A281CC1B9500029FE3D /* Products */,
			);
			sourceTree = "<group>";
		};
		74292A281CC1B9500029FE3D /* Products */ = {
			isa = PBXGroup;
			children = (
				74292A271CC1B9500029FE3D /* section5_tableViews.app */,
				74292A3B1CC1B9500029FE3D /* section5_tableViewsTests.xctest */,
				74292A461CC1B9500029FE3D /* section5_tableViewsUITests.xctest */,
			);
			name = Products;
			sourceTree = "<group>";
		};
		74292A291CC1B9500029FE3D /* section5_tableViews */ = {
			isa = PBXGroup;
			children = (
				74292A2A1CC1B9500029FE3D /* AppDelegate.swift */,
				74292A2C1CC1B9500029FE3D /* ViewController.swift */,
				74292A2E1CC1B9500029FE3D /* Main.storyboard */,
				74292A311CC1B9500029FE3D /* Assets.xcassets */,
				74292A331CC1B9500029FE3D /* LaunchScreen.storyboard */,
				74292A361CC1B9500029FE3D /* Info.plist */,
			);
			path = section5_tableViews;
			sourceTree = "<group>";
		};
		74292A3E1CC1B9500029FE3D /* section5_tableViewsTests */ = {
			isa = PBXGroup;
			children = (
				74292A3F1CC1B9500029FE3D /* section5_tableViewsTests.swift */,
				74292A411CC1B9500029FE3D /* Info.plist */,
			);
			path = section5_tableViewsTests;
			sourceTree = "<group>";
		};
		74292A491CC1B9500029FE3D /* section5_tableViewsUITests */ = {
			isa = PBXGroup;
			children = (
				74292A4A1CC1B9500029FE3D /* section5_tableViewsUITests.swift */,
				74292A4C1CC1B9500029FE3D /* Info.plist */,
			);
			path = section5_tableViewsUITests;
			sourceTree = "<group>";
		};
/* End PBXGroup section */

/* Begin PBXNativeTarget section */
		74292A261CC1B9500029FE3D /* section5_tableViews */ = {
			isa = PBXNativeTarget;
			buildConfigurationList = 74292A4F1CC1B9500029FE3D /* Build configuration list for PBXNativeTarget "section5_tableViews" */;
			buildPhases = (
				74292A231CC1B9500029FE3D /* Sources */,
				74292A241CC1B9500029FE3D /* Frameworks */,
				74292A251CC1B9500029FE3D /* Resources */,
			);
			buildRules = (
			);
			dependencies = (
			);
			name = section5_tableViews;
			productName = section5_tableViews;
			productReference = 74292A271CC1B9500029FE3D /* section5_tableViews.app */;
			productType = "com.apple.product-type.application";
		};
		74292A3A1CC1B9500029FE3D /* section5_tableViewsTests */ = {
			isa = PBXNativeTarget;
			buildConfigurationList = 74292A521CC1B9500029FE3D /* Build configuration list for PBXNativeTarget "section5_tableViewsTests" */;
			buildPhases = (
				74292A371CC1B9500029FE3D /* Sources */,
				74292A381CC1B9500029FE3D /* Frameworks */,
				74292A391CC1B9500029FE3D /* Resources */,
			);
			buildRules = (
			);
			dependencies = (
				74292A3D1CC1B9500029FE3D /* PBXTargetDependency */,
			);
			name = section5_tableViewsTests;
			productName = section5_tableViewsTests;
			productReference = 74292A3B1CC1B9500029FE3D /* section5_tableViewsTests.xctest */;
			productType = "com.apple.product-type.bundle.unit-test";
		};
		74292A451CC1B9500029FE3D /* section5_tableViewsUITests */ = {
			isa = PBXNativeTarget;
			buildConfigurationList = 74292A551CC1B9500029FE3D /* Build configuration list for PBXNativeTarget "section5_tableViewsUITests" */;
			buildPhases = (
				74292A421CC1B9500029FE3D /* Sources */,
				74292A431CC1B9500029FE3D /* Frameworks */,
				74292A441CC1B9500029FE3D /* Resources */,
			);
			buildRules = (
			);
			dependencies = (
				74292A481CC1B9500029FE3D /* PBXTargetDependency */,
			);
			name = section5_tableViewsUITests;
			productName = section5_tableViewsUITests;
			productReference = 74292A461CC1B9500029FE3D /* section5_tableViewsUITests.xctest */;
			productType = "com.apple.product-type.bundle.ui-testing";
		};
/* End PBXNativeTarget section */

/* Begin PBXProject section */
		74292A1F1CC1B9500029FE3D /* Project object */ = {
			isa = PBXProject;
			attributes = {
				LastSwiftUpdateCheck = 0730;
				LastUpgradeCheck = 0730;
				ORGANIZATIONNAME = anuchaturvedi;
				TargetAttributes = {
					74292A261CC1B9500029FE3D = {
						CreatedOnToolsVersion = 7.3;
					};
					74292A3A1CC1B9500029FE3D = {
						CreatedOnToolsVersion = 7.3;
						TestTargetID = 74292A261CC1B9500029FE3D;
					};
					74292A451CC1B9500029FE3D = {
						CreatedOnToolsVersion = 7.3;
						TestTargetID = 74292A261CC1B9500029FE3D;
					};
				};
			};
			buildConfigurationList = 74292A221CC1B9500029FE3D /* Build configuration list for PBXProject "section5_tableViews" */;
			compatibilityVersion = "Xcode 3.2";
			developmentRegion = English;
			hasScannedForEncodings = 0;
			knownRegions = (
				en,
				Base,
			);
			mainGroup = 74292A1E1CC1B9500029FE3D;
			productRefGroup = 74292A281CC1B9500029FE3D /* Products */;
			projectDirPath = "";
			projectRoot = "";
			targets = (
				74292A261CC1B9500029FE3D /* section5_tableViews */,
				74292A3A1CC1B9500029FE3D /* section5_tableViewsTests */,
				74292A451CC1B9500029FE3D /* section5_tableViewsUITests */,
			);
		};
/* End PBXProject section */

/* Begin PBXResourcesBuildPhase section */
		74292A251CC1B9500029FE3D /* Resources */ = {
			isa = PBXResourcesBuildPhase;
			buildActionMask = 2147483647;
			files = (
				74292A351CC1B9500029FE3D /* LaunchScreen.storyboard in Resources */,
				74292A321CC1B9500029FE3D /* Assets.xcassets in Resources */,
				74292A301CC1B9500029FE3D /* Main.storyboard in Resources */,
			);
			runOnlyForDeploymentPostprocessing = 0;
		};
		74292A391CC1B9500029FE3D /* Resources */ = {
			isa = PBXResourcesBuildPhase;
			buildActionMask = 2147483647;
			files = (
			);
			runOnlyForDeploymentPostprocessing = 0;
		};
		74292A441CC1B9500029FE3D /* Resources */ = {
			isa = PBXResourcesBuildPhase;
			buildActionMask = 2147483647;
			files = (
			);
			runOnlyForDeploymentPostprocessing = 0;
		};
/* End PBXResourcesBuildPhase section */

/* Begin PBXSourcesBuildPhase section */
		74292A231CC1B9500029FE3D /* Sources */ = {
			isa = PBXSourcesBuildPhase;
			buildActionMask = 2147483647;
			files = (
				74292A2D1CC1B9500029FE3D /* ViewController.swift in Sources */,
				74292A2B1CC1B9500029FE3D /* AppDelegate.swift in Sources */,
			);
			runOnlyForDeploymentPostprocessing = 0;
		};
		74292A371CC1B9500029FE3D /* Sources */ = {
			isa = PBXSourcesBuildPhase;
			buildActionMask = 2147483647;
			files = (
				74292A401CC1B9500029FE3D /* section5_tableViewsTests.swift in Sources */,
			);
			runOnlyForDeploymentPostprocessing = 0;
		};
		74292A421CC1B9500029FE3D /* Sources */ = {
			isa = PBXSourcesBuildPhase;
			buildActionMask = 2147483647;
			files = (
				74292A4B1CC1B9500029FE3D /* section5_tableViewsUITests.swift in Sources */,
			);
			runOnlyForDeploymentPostprocessing = 0;
		};
/* End PBXSourcesBuildPhase section */

/* Begin PBXTargetDependency section */
		74292A3D1CC1B9500029FE3D /* PBXTargetDependency */ = {
			isa = PBXTargetDependency;
			target = 74292A261CC1B9500029FE3D /* section5_tableViews */;
			targetProxy = 74292A3C1CC1B9500029FE3D /* PBXContainerItemProxy */;
		};
		74292A481CC1B9500029FE3D /* PBXTargetDependency */ = {
			isa = PBXTargetDependency;
			target = 74292A261CC1B9500029FE3D /* section5_tableViews */;
			targetProxy = 74292A471CC1B9500029FE3D /* PBXContainerItemProxy */;
		};
/* End PBXTargetDependency section */

/* Begin PBXVariantGroup section */
		74292A2E1CC1B9500029FE3D /* Main.storyboard */ = {
			isa = PBXVariantGroup;
			children = (
				74292A2F1CC1B9500029FE3D /* Base */,
			);
			name = Main.storyboard;
			sourceTree = "<group>";
		};
		74292A331CC1B9500029FE3D /* LaunchScreen.storyboard */ = {
			isa = PBXVariantGroup;
			children = (
				74292A341CC1B9500029FE3D /* Base */,
			);
			name = LaunchScreen.storyboard;
			sourceTree = "<group>";
		};
/* End PBXVariantGroup section */

/* Begin XCBuildConfiguration section */
		74292A4D1CC1B9500029FE3D /* Debug */ = {
			isa = XCBuildConfiguration;
			buildSettings = {
				ALWAYS_SEARCH_USER_PATHS = NO;
				CLANG_ANALYZER_NONNULL = YES;
				CLANG_CXX_LANGUAGE_STANDARD = "gnu++0x";
				CLANG_CXX_LIBRARY = "libc++";
				CLANG_ENABLE_MODULES = YES;
				CLANG_ENABLE_OBJC_ARC = YES;
				CLANG_WARN_BOOL_CONVERSION = YES;
				CLANG_WARN_CONSTANT_CONVERSION = YES;
				CLANG_WARN_DIRECT_OBJC_ISA_USAGE = YES_ERROR;
				CLANG_WARN_EMPTY_BODY = YES;
				CLANG_WARN_ENUM_CONVERSION = YES;
				CLANG_WARN_INT_CONVERSION = YES;
				CLANG_WARN_OBJC_ROOT_CLASS = YES_ERROR;
				CLANG_WARN_UNREACHABLE_CODE = YES;
				CLANG_WARN__DUPLICATE_METHOD_MATCH = YES;
				"CODE_SIGN_IDENTITY[sdk=iphoneos*]" = "iPhone Developer";
				COPY_PHASE_STRIP = NO;
				DEBUG_INFORMATION_FORMAT = dwarf;
				ENABLE_STRICT_OBJC_MSGSEND = YES;
				ENABLE_TESTABILITY = YES;
				GCC_C_LANGUAGE_STANDARD = gnu99;
				GCC_DYNAMIC_NO_PIC = NO;
				GCC_NO_COMMON_BLOCKS = YES;
				GCC_OPTIMIZATION_LEVEL = 0;
				GCC_PREPROCESSOR_DEFINITIONS = (
					"DEBUG=1",
					"$(inherited)",
				);
				GCC_WARN_64_TO_32_BIT_CONVERSION = YES;
				GCC_WARN_ABOUT_RETURN_TYPE = YES_ERROR;
				GCC_WARN_UNDECLARED_SELECTOR = YES;
				GCC_WARN_UNINITIALIZED_AUTOS = YES_AGGRESSIVE;
				GCC_WARN_UNUSED_FUNCTION = YES;
				GCC_WARN_UNUSED_VARIABLE = YES;
				IPHONEOS_DEPLOYMENT_TARGET = 9.3;
				MTL_ENABLE_DEBUG_INFO = YES;
				ONLY_ACTIVE_ARCH = YES;
				SDKROOT = iphoneos;
				SWIFT_OPTIMIZATION_LEVEL = "-Onone";
				TARGETED_DEVICE_FAMILY = "1,2";
			};
			name = Debug;
		};
		74292A4E1CC1B9500029FE3D /* Release */ = {
			isa = XCBuildConfiguration;
			buildSettings = {
				ALWAYS_SEARCH_USER_PATHS = NO;
				CLANG_ANALYZER_NONNULL = YES;
				CLANG_CXX_LANGUAGE_STANDARD = "gnu++0x";
				CLANG_CXX_LIBRARY = "libc++";
				CLANG_ENABLE_MODULES = YES;
				CLANG_ENABLE_OBJC_ARC = YES;
				CLANG_WARN_BOOL_CONVERSION = YES;
				CLANG_WARN_CONSTANT_CONVERSION = YES;
				CLANG_WARN_DIRECT_OBJC_ISA_USAGE = YES_ERROR;
				CLANG_WARN_EMPTY_BODY = YES;
				CLANG_WARN_ENUM_CONVERSION = YES;
				CLANG_WARN_INT_CONVERSION = YES;
				CLANG_WARN_OBJC_ROOT_CLASS = YES_ERROR;
				CLANG_WARN_UNREACHABLE_CODE = YES;
				CLANG_WARN__DUPLICATE_METHOD_MATCH = YES;
				"CODE_SIGN_IDENTITY[sdk=iphoneos*]" = "iPhone Developer";
				COPY_PHASE_STRIP = NO;
				DEBUG_INFORMATION_FORMAT = "dwarf-with-dsym";
				ENABLE_NS_ASSERTIONS = NO;
				ENABLE_STRICT_OBJC_MSGSEND = YES;
				GCC_C_LANGUAGE_STANDARD = gnu99;
				GCC_NO_COMMON_BLOCKS = YES;
				GCC_WARN_64_TO_32_BIT_CONVERSION = YES;
				GCC_WARN_ABOUT_RETURN_TYPE = YES_ERROR;
				GCC_WARN_UNDECLARED_SELECTOR = YES;
				GCC_WARN_UNINITIALIZED_AUTOS = YES_AGGRESSIVE;
				GCC_WARN_UNUSED_FUNCTION = YES;
				GCC_WARN_UNUSED_VARIABLE = YES;
				IPHONEOS_DEPLOYMENT_TARGET = 9.3;
				MTL_ENABLE_DEBUG_INFO = NO;
				SDKROOT = iphoneos;
				TARGETED_DEVICE_FAMILY = "1,2";
				VALIDATE_PRODUCT = YES;
			};
			name = Release;
		};
		74292A501CC1B9500029FE3D /* Debug */ = {
			isa = XCBuildConfiguration;
			buildSettings = {
				ASSETCATALOG_COMPILER_APPICON_NAME = AppIcon;
				INFOPLIST_FILE = section5_tableViews/Info.plist;
				LD_RUNPATH_SEARCH_PATHS = "$(inherited) @executable_path/Frameworks";
				PRODUCT_BUNDLE_IDENTIFIER = "anuchaturvedi.section5-tableViews";
				PRODUCT_NAME = "$(TARGET_NAME)";
			};
			name = Debug;
		};
		74292A511CC1B9500029FE3D /* Release */ = {
			isa = XCBuildConfiguration;
			buildSettings = {
				ASSETCATALOG_COMPILER_APPICON_NAME = AppIcon;
				INFOPLIST_FILE = section5_tableViews/Info.plist;
				LD_RUNPATH_SEARCH_PATHS = "$(inherited) @executable_path/Frameworks";
				PRODUCT_BUNDLE_IDENTIFIER = "anuchaturvedi.section5-tableViews";
				PRODUCT_NAME = "$(TARGET_NAME)";
			};
			name = Release;
		};
		74292A531CC1B9500029FE3D /* Debug */ = {
			isa = XCBuildConfiguration;
			buildSettings = {
				BUNDLE_LOADER = "$(TEST_HOST)";
				INFOPLIST_FILE = section5_tableViewsTests/Info.plist;
				LD_RUNPATH_SEARCH_PATHS = "$(inherited) @executable_path/Frameworks @loader_path/Frameworks";
				PRODUCT_BUNDLE_IDENTIFIER = "anuchaturvedi.section5-tableViewsTests";
				PRODUCT_NAME = "$(TARGET_NAME)";
				TEST_HOST = "$(BUILT_PRODUCTS_DIR)/section5_tableViews.app/section5_tableViews";
			};
			name = Debug;
		};
		74292A541CC1B9500029FE3D /* Release */ = {
			isa = XCBuildConfiguration;
			buildSettings = {
				BUNDLE_LOADER = "$(TEST_HOST)";
				INFOPLIST_FILE = section5_tableViewsTests/Info.plist;
				LD_RUNPATH_SEARCH_PATHS = "$(inherited) @executable_path/Frameworks @loader_path/Frameworks";
				PRODUCT_BUNDLE_IDENTIFIER = "anuchaturvedi.section5-tableViewsTests";
				PRODUCT_NAME = "$(TARGET_NAME)";
				TEST_HOST = "$(BUILT_PRODUCTS_DIR)/section5_tableViews.app/section5_tableViews";
			};
			name = Release;
		};
		74292A561CC1B9500029FE3D /* Debug */ = {
			isa = XCBuildConfiguration;
			buildSettings = {
				INFOPLIST_FILE = section5_tableViewsUITests/Info.plist;
				LD_RUNPATH_SEARCH_PATHS = "$(inherited) @executable_path/Frameworks @loader_path/Frameworks";
				PRODUCT_BUNDLE_IDENTIFIER = "anuchaturvedi.section5-tableViewsUITests";
				PRODUCT_NAME = "$(TARGET_NAME)";
				TEST_TARGET_NAME = section5_tableViews;
			};
			name = Debug;
		};
		74292A571CC1B9500029FE3D /* Release */ = {
			isa = XCBuildConfiguration;
			buildSettings = {
				INFOPLIST_FILE = section5_tableViewsUITests/Info.plist;
				LD_RUNPATH_SEARCH_PATHS = "$(inherited) @executable_path/Frameworks @loader_path/Frameworks";
				PRODUCT_BUNDLE_IDENTIFIER = "anuchaturvedi.section5-tableViewsUITests";
				PRODUCT_NAME = "$(TARGET_NAME)";
				TEST_TARGET_NAME = section5_tableViews;
			};
			name = Release;
		};
/* End XCBuildConfiguration section */

/* Begin XCConfigurationList section */
		74292A221CC1B9500029FE3D /* Build configuration list for PBXProject "section5_tableViews" */ = {
			isa = XCConfigurationList;
			buildConfigurations = (
				74292A4D1CC1B9500029FE3D /* Debug */,
				74292A4E1CC1B9500029FE3D /* Release */,
			);
			defaultConfigurationIsVisible = 0;
			defaultConfigurationName = Release;
		};
		74292A4F1CC1B9500029FE3D /* Build configuration list for PBXNativeTarget "section5_tableViews" */ = {
			isa = XCConfigurationList;
			buildConfigurations = (
				74292A501CC1B9500029FE3D /* Debug */,
				74292A511CC1B9500029FE3D /* Release */,
			);
			defaultConfigurationIsVisible = 0;
		};
		74292A521CC1B9500029FE3D /* Build configuration list for PBXNativeTarget "section5_tableViewsTests" */ = {
			isa = XCConfigurationList;
			buildConfigurations = (
				74292A531CC1B9500029FE3D /* Debug */,
				74292A541CC1B9500029FE3D /* Release */,
			);
			defaultConfigurationIsVisible = 0;
		};
		74292A551CC1B9500029FE3D /* Build configuration list for PBXNativeTarget "section5_tableViewsUITests" */ = {
			isa = XCConfigurationList;
			buildConfigurations = (
				74292A561CC1B9500029FE3D /* Debug */,
				74292A571CC1B9500029FE3D /* Release */,
			);
			defaultConfigurationIsVisible = 0;
		};
/* End XCConfigurationList section */
	};
	rootObject = 74292A1F1CC1B9500029FE3D /* Project object */;
}
