// !$*UTF8*$!
{
	archiveVersion = 1;
	classes = {
	};
	objectVersion = 46;
	objects = {

/* Begin PBXBuildFile section */
		742929F11CC0721B0029FE3D /* AppDelegate.swift in Sources */ = {isa = PBXBuildFile; fileRef = 742929F01CC0721B0029FE3D /* AppDelegate.swift */; };
		742929F31CC0721B0029FE3D /* ViewController.swift in Sources */ = {isa = PBXBuildFile; fileRef = 742929F21CC0721B0029FE3D /* ViewController.swift */; };
		742929F61CC0721B0029FE3D /* Main.storyboard in Resources */ = {isa = PBXBuildFile; fileRef = 742929F41CC0721B0029FE3D /* Main.storyboard */; };
		742929F81CC0721B0029FE3D /* Assets.xcassets in Resources */ = {isa = PBXBuildFile; fileRef = 742929F71CC0721B0029FE3D /* Assets.xcassets */; };
		742929FB1CC0721B0029FE3D /* LaunchScreen.storyboard in Resources */ = {isa = PBXBuildFile; fileRef = 742929F91CC0721B0029FE3D /* LaunchScreen.storyboard */; };
		74292A061CC0721B0029FE3D /* section5_app_stopwatchTests.swift in Sources */ = {isa = PBXBuildFile; fileRef = 74292A051CC0721B0029FE3D /* section5_app_stopwatchTests.swift */; };
		74292A111CC0721B0029FE3D /* section5_app_stopwatchUITests.swift in Sources */ = {isa = PBXBuildFile; fileRef = 74292A101CC0721B0029FE3D /* section5_app_stopwatchUITests.swift */; };
/* End PBXBuildFile section */

/* Begin PBXContainerItemProxy section */
		74292A021CC0721B0029FE3D /* PBXContainerItemProxy */ = {
			isa = PBXContainerItemProxy;
			containerPortal = 742929E51CC0721B0029FE3D /* Project object */;
			proxyType = 1;
			remoteGlobalIDString = 742929EC1CC0721B0029FE3D;
			remoteInfo = section5_app_stopwatch;
		};
		74292A0D1CC0721B0029FE3D /* PBXContainerItemProxy */ = {
			isa = PBXContainerItemProxy;
			containerPortal = 742929E51CC0721B0029FE3D /* Project object */;
			proxyType = 1;
			remoteGlobalIDString = 742929EC1CC0721B0029FE3D;
			remoteInfo = section5_app_stopwatch;
		};
/* End PBXContainerItemProxy section */

/* Begin PBXFileReference section */
		742929ED1CC0721B0029FE3D /* section5_app_stopwatch.app */ = {isa = PBXFileReference; explicitFileType = wrapper.application; includeInIndex = 0; path = section5_app_stopwatch.app; sourceTree = BUILT_PRODUCTS_DIR; };
		742929F01CC0721B0029FE3D /* AppDelegate.swift */ = {isa = PBXFileReference; lastKnownFileType = sourcecode.swift; path = AppDelegate.swift; sourceTree = "<group>"; };
		742929F21CC0721B0029FE3D /* ViewController.swift */ = {isa = PBXFileReference; lastKnownFileType = sourcecode.swift; path = ViewController.swift; sourceTree = "<group>"; };
		742929F51CC0721B0029FE3D /* Base */ = {isa = PBXFileReference; lastKnownFileType = file.storyboard; name = Base; path = Base.lproj/Main.storyboard; sourceTree = "<group>"; };
		742929F71CC0721B0029FE3D /* Assets.xcassets */ = {isa = PBXFileReference; lastKnownFileType = folder.assetcatalog; path = Assets.xcassets; sourceTree = "<group>"; };
		742929FA1CC0721B0029FE3D /* Base */ = {isa = PBXFileReference; lastKnownFileType = file.storyboard; name = Base; path = Base.lproj/LaunchScreen.storyboard; sourceTree = "<group>"; };
		742929FC1CC0721B0029FE3D /* Info.plist */ = {isa = PBXFileReference; lastKnownFileType = text.plist.xml; path = Info.plist; sourceTree = "<group>"; };
		74292A011CC0721B0029FE3D /* section5_app_stopwatchTests.xctest */ = {isa = PBXFileReference; explicitFileType = wrapper.cfbundle; includeInIndex = 0; path = section5_app_stopwatchTests.xctest; sourceTree = BUILT_PRODUCTS_DIR; };
		74292A051CC0721B0029FE3D /* section5_app_stopwatchTests.swift */ = {isa = PBXFileReference; lastKnownFileType = sourcecode.swift; path = section5_app_stopwatchTests.swift; sourceTree = "<group>"; };
		74292A071CC0721B0029FE3D /* Info.plist */ = {isa = PBXFileReference; lastKnownFileType = text.plist.xml; path = Info.plist; sourceTree = "<group>"; };
		74292A0C1CC0721B0029FE3D /* section5_app_stopwatchUITests.xctest */ = {isa = PBXFileReference; explicitFileType = wrapper.cfbundle; includeInIndex = 0; path = section5_app_stopwatchUITests.xctest; sourceTree = BUILT_PRODUCTS_DIR; };
		74292A101CC0721B0029FE3D /* section5_app_stopwatchUITests.swift */ = {isa = PBXFileReference; lastKnownFileType = sourcecode.swift; path = section5_app_stopwatchUITests.swift; sourceTree = "<group>"; };
		74292A121CC0721B0029FE3D /* Info.plist */ = {isa = PBXFileReference; lastKnownFileType = text.plist.xml; path = Info.plist; sourceTree = "<group>"; };
/* End PBXFileReference section */

/* Begin PBXFrameworksBuildPhase section */
		742929EA1CC0721B0029FE3D /* Frameworks */ = {
			isa = PBXFrameworksBuildPhase;
			buildActionMask = 2147483647;
			files = (
			);
			runOnlyForDeploymentPostprocessing = 0;
		};
		742929FE1CC0721B0029FE3D /* Frameworks */ = {
			isa = PBXFrameworksBuildPhase;
			buildActionMask = 2147483647;
			files = (
			);
			runOnlyForDeploymentPostprocessing = 0;
		};
		74292A091CC0721B0029FE3D /* Frameworks */ = {
			isa = PBXFrameworksBuildPhase;
			buildActionMask = 2147483647;
			files = (
			);
			runOnlyForDeploymentPostprocessing = 0;
		};
/* End PBXFrameworksBuildPhase section */

/* Begin PBXGroup section */
		742929E41CC0721B0029FE3D = {
			isa = PBXGroup;
			children = (
				742929EF1CC0721B0029FE3D /* section5_app_stopwatch */,
				74292A041CC0721B0029FE3D /* section5_app_stopwatchTests */,
				74292A0F1CC0721B0029FE3D /* section5_app_stopwatchUITests */,
				742929EE1CC0721B0029FE3D /* Products */,
			);
			sourceTree = "<group>";
		};
		742929EE1CC0721B0029FE3D /* Products */ = {
			isa = PBXGroup;
			children = (
				742929ED1CC0721B0029FE3D /* section5_app_stopwatch.app */,
				74292A011CC0721B0029FE3D /* section5_app_stopwatchTests.xctest */,
				74292A0C1CC0721B0029FE3D /* section5_app_stopwatchUITests.xctest */,
			);
			name = Products;
			sourceTree = "<group>";
		};
		742929EF1CC0721B0029FE3D /* section5_app_stopwatch */ = {
			isa = PBXGroup;
			children = (
				742929F01CC0721B0029FE3D /* AppDelegate.swift */,
				742929F21CC0721B0029FE3D /* ViewController.swift */,
				742929F41CC0721B0029FE3D /* Main.storyboard */,
				742929F71CC0721B0029FE3D /* Assets.xcassets */,
				742929F91CC0721B0029FE3D /* LaunchScreen.storyboard */,
				742929FC1CC0721B0029FE3D /* Info.plist */,
			);
			path = section5_app_stopwatch;
			sourceTree = "<group>";
		};
		74292A041CC0721B0029FE3D /* section5_app_stopwatchTests */ = {
			isa = PBXGroup;
			children = (
				74292A051CC0721B0029FE3D /* section5_app_stopwatchTests.swift */,
				74292A071CC0721B0029FE3D /* Info.plist */,
			);
			path = section5_app_stopwatchTests;
			sourceTree = "<group>";
		};
		74292A0F1CC0721B0029FE3D /* section5_app_stopwatchUITests */ = {
			isa = PBXGroup;
			children = (
				74292A101CC0721B0029FE3D /* section5_app_stopwatchUITests.swift */,
				74292A121CC0721B0029FE3D /* Info.plist */,
			);
			path = section5_app_stopwatchUITests;
			sourceTree = "<group>";
		};
/* End PBXGroup section */

/* Begin PBXNativeTarget section */
		742929EC1CC0721B0029FE3D /* section5_app_stopwatch */ = {
			isa = PBXNativeTarget;
			buildConfigurationList = 74292A151CC0721B0029FE3D /* Build configuration list for PBXNativeTarget "section5_app_stopwatch" */;
			buildPhases = (
				742929E91CC0721B0029FE3D /* Sources */,
				742929EA1CC0721B0029FE3D /* Frameworks */,
				742929EB1CC0721B0029FE3D /* Resources */,
			);
			buildRules = (
			);
			dependencies = (
			);
			name = section5_app_stopwatch;
			productName = section5_app_stopwatch;
			productReference = 742929ED1CC0721B0029FE3D /* section5_app_stopwatch.app */;
			productType = "com.apple.product-type.application";
		};
		74292A001CC0721B0029FE3D /* section5_app_stopwatchTests */ = {
			isa = PBXNativeTarget;
			buildConfigurationList = 74292A181CC0721B0029FE3D /* Build configuration list for PBXNativeTarget "section5_app_stopwatchTests" */;
			buildPhases = (
				742929FD1CC0721B0029FE3D /* Sources */,
				742929FE1CC0721B0029FE3D /* Frameworks */,
				742929FF1CC0721B0029FE3D /* Resources */,
			);
			buildRules = (
			);
			dependencies = (
				74292A031CC0721B0029FE3D /* PBXTargetDependency */,
			);
			name = section5_app_stopwatchTests;
			productName = section5_app_stopwatchTests;
			productReference = 74292A011CC0721B0029FE3D /* section5_app_stopwatchTests.xctest */;
			productType = "com.apple.product-type.bundle.unit-test";
		};
		74292A0B1CC0721B0029FE3D /* section5_app_stopwatchUITests */ = {
			isa = PBXNativeTarget;
			buildConfigurationList = 74292A1B1CC0721B0029FE3D /* Build configuration list for PBXNativeTarget "section5_app_stopwatchUITests" */;
			buildPhases = (
				74292A081CC0721B0029FE3D /* Sources */,
				74292A091CC0721B0029FE3D /* Frameworks */,
				74292A0A1CC0721B0029FE3D /* Resources */,
			);
			buildRules = (
			);
			dependencies = (
				74292A0E1CC0721B0029FE3D /* PBXTargetDependency */,
			);
			name = section5_app_stopwatchUITests;
			productName = section5_app_stopwatchUITests;
			productReference = 74292A0C1CC0721B0029FE3D /* section5_app_stopwatchUITests.xctest */;
			productType = "com.apple.product-type.bundle.ui-testing";
		};
/* End PBXNativeTarget section */

/* Begin PBXProject section */
		742929E51CC0721B0029FE3D /* Project object */ = {
			isa = PBXProject;
			attributes = {
				LastSwiftUpdateCheck = 0730;
				LastUpgradeCheck = 0730;
				ORGANIZATIONNAME = anuchaturvedi;
				TargetAttributes = {
					742929EC1CC0721B0029FE3D = {
						CreatedOnToolsVersion = 7.3;
					};
					74292A001CC0721B0029FE3D = {
						CreatedOnToolsVersion = 7.3;
						TestTargetID = 742929EC1CC0721B0029FE3D;
					};
					74292A0B1CC0721B0029FE3D = {
						CreatedOnToolsVersion = 7.3;
						TestTargetID = 742929EC1CC0721B0029FE3D;
					};
				};
			};
			buildConfigurationList = 742929E81CC0721B0029FE3D /* Build configuration list for PBXProject "section5_app_stopwatch" */;
			compatibilityVersion = "Xcode 3.2";
			developmentRegion = English;
			hasScannedForEncodings = 0;
			knownRegions = (
				en,
				Base,
			);
			mainGroup = 742929E41CC0721B0029FE3D;
			productRefGroup = 742929EE1CC0721B0029FE3D /* Products */;
			projectDirPath = "";
			projectRoot = "";
			targets = (
				742929EC1CC0721B0029FE3D /* section5_app_stopwatch */,
				74292A001CC0721B0029FE3D /* section5_app_stopwatchTests */,
				74292A0B1CC0721B0029FE3D /* section5_app_stopwatchUITests */,
			);
		};
/* End PBXProject section */

/* Begin PBXResourcesBuildPhase section */
		742929EB1CC0721B0029FE3D /* Resources */ = {
			isa = PBXResourcesBuildPhase;
			buildActionMask = 2147483647;
			files = (
				742929FB1CC0721B0029FE3D /* LaunchScreen.storyboard in Resources */,
				742929F81CC0721B0029FE3D /* Assets.xcassets in Resources */,
				742929F61CC0721B0029FE3D /* Main.storyboard in Resources */,
			);
			runOnlyForDeploymentPostprocessing = 0;
		};
		742929FF1CC0721B0029FE3D /* Resources */ = {
			isa = PBXResourcesBuildPhase;
			buildActionMask = 2147483647;
			files = (
			);
			runOnlyForDeploymentPostprocessing = 0;
		};
		74292A0A1CC0721B0029FE3D /* Resources */ = {
			isa = PBXResourcesBuildPhase;
			buildActionMask = 2147483647;
			files = (
			);
			runOnlyForDeploymentPostprocessing = 0;
		};
/* End PBXResourcesBuildPhase section */

/* Begin PBXSourcesBuildPhase section */
		742929E91CC0721B0029FE3D /* Sources */ = {
			isa = PBXSourcesBuildPhase;
			buildActionMask = 2147483647;
			files = (
				742929F31CC0721B0029FE3D /* ViewController.swift in Sources */,
				742929F11CC0721B0029FE3D /* AppDelegate.swift in Sources */,
			);
			runOnlyForDeploymentPostprocessing = 0;
		};
		742929FD1CC0721B0029FE3D /* Sources */ = {
			isa = PBXSourcesBuildPhase;
			buildActionMask = 2147483647;
			files = (
				74292A061CC0721B0029FE3D /* section5_app_stopwatchTests.swift in Sources */,
			);
			runOnlyForDeploymentPostprocessing = 0;
		};
		74292A081CC0721B0029FE3D /* Sources */ = {
			isa = PBXSourcesBuildPhase;
			buildActionMask = 2147483647;
			files = (
				74292A111CC0721B0029FE3D /* section5_app_stopwatchUITests.swift in Sources */,
			);
			runOnlyForDeploymentPostprocessing = 0;
		};
/* End PBXSourcesBuildPhase section */

/* Begin PBXTargetDependency section */
		74292A031CC0721B0029FE3D /* PBXTargetDependency */ = {
			isa = PBXTargetDependency;
			target = 742929EC1CC0721B0029FE3D /* section5_app_stopwatch */;
			targetProxy = 74292A021CC0721B0029FE3D /* PBXContainerItemProxy */;
		};
		74292A0E1CC0721B0029FE3D /* PBXTargetDependency */ = {
			isa = PBXTargetDependency;
			target = 742929EC1CC0721B0029FE3D /* section5_app_stopwatch */;
			targetProxy = 74292A0D1CC0721B0029FE3D /* PBXContainerItemProxy */;
		};
/* End PBXTargetDependency section */

/* Begin PBXVariantGroup section */
		742929F41CC0721B0029FE3D /* Main.storyboard */ = {
			isa = PBXVariantGroup;
			children = (
				742929F51CC0721B0029FE3D /* Base */,
			);
			name = Main.storyboard;
			sourceTree = "<group>";
		};
		742929F91CC0721B0029FE3D /* LaunchScreen.storyboard */ = {
			isa = PBXVariantGroup;
			children = (
				742929FA1CC0721B0029FE3D /* Base */,
			);
			name = LaunchScreen.storyboard;
			sourceTree = "<group>";
		};
/* End PBXVariantGroup section */

/* Begin XCBuildConfiguration section */
		74292A131CC0721B0029FE3D /* Debug */ = {
			isa = XCBuildConfiguration;
			buildSettings = {
				ALWAYS_SEARCH_USER_PATHS = NO;
				CLANG_ANALYZER_NONNULL = YES;
				CLANG_CXX_LANGUAGE_STANDARD = "gnu++0x";
				CLANG_CXX_LIBRARY = "libc++";
				CLANG_ENABLE_MODULES = YES;
				CLANG_ENABLE_OBJC_ARC = YES;
				CLANG_WARN_BOOL_CONVERSION = YES;
				CLANG_WARN_CONSTANT_CONVERSION = YES;
				CLANG_WARN_DIRECT_OBJC_ISA_USAGE = YES_ERROR;
				CLANG_WARN_EMPTY_BODY = YES;
				CLANG_WARN_ENUM_CONVERSION = YES;
				CLANG_WARN_INT_CONVERSION = YES;
				CLANG_WARN_OBJC_ROOT_CLASS = YES_ERROR;
				CLANG_WARN_UNREACHABLE_CODE = YES;
				CLANG_WARN__DUPLICATE_METHOD_MATCH = YES;
				"CODE_SIGN_IDENTITY[sdk=iphoneos*]" = "iPhone Developer";
				COPY_PHASE_STRIP = NO;
				DEBUG_INFORMATION_FORMAT = dwarf;
				ENABLE_STRICT_OBJC_MSGSEND = YES;
				ENABLE_TESTABILITY = YES;
				GCC_C_LANGUAGE_STANDARD = gnu99;
				GCC_DYNAMIC_NO_PIC = NO;
				GCC_NO_COMMON_BLOCKS = YES;
				GCC_OPTIMIZATION_LEVEL = 0;
				GCC_PREPROCESSOR_DEFINITIONS = (
					"DEBUG=1",
					"$(inherited)",
				);
				GCC_WARN_64_TO_32_BIT_CONVERSION = YES;
				GCC_WARN_ABOUT_RETURN_TYPE = YES_ERROR;
				GCC_WARN_UNDECLARED_SELECTOR = YES;
				GCC_WARN_UNINITIALIZED_AUTOS = YES_AGGRESSIVE;
				GCC_WARN_UNUSED_FUNCTION = YES;
				GCC_WARN_UNUSED_VARIABLE = YES;
				IPHONEOS_DEPLOYMENT_TARGET = 9.3;
				MTL_ENABLE_DEBUG_INFO = YES;
				ONLY_ACTIVE_ARCH = YES;
				SDKROOT = iphoneos;
				SWIFT_OPTIMIZATION_LEVEL = "-Onone";
				TARGETED_DEVICE_FAMILY = "1,2";
			};
			name = Debug;
		};
		74292A141CC0721B0029FE3D /* Release */ = {
			isa = XCBuildConfiguration;
			buildSettings = {
				ALWAYS_SEARCH_USER_PATHS = NO;
				CLANG_ANALYZER_NONNULL = YES;
				CLANG_CXX_LANGUAGE_STANDARD = "gnu++0x";
				CLANG_CXX_LIBRARY = "libc++";
				CLANG_ENABLE_MODULES = YES;
				CLANG_ENABLE_OBJC_ARC = YES;
				CLANG_WARN_BOOL_CONVERSION = YES;
				CLANG_WARN_CONSTANT_CONVERSION = YES;
				CLANG_WARN_DIRECT_OBJC_ISA_USAGE = YES_ERROR;
				CLANG_WARN_EMPTY_BODY = YES;
				CLANG_WARN_ENUM_CONVERSION = YES;
				CLANG_WARN_INT_CONVERSION = YES;
				CLANG_WARN_OBJC_ROOT_CLASS = YES_ERROR;
				CLANG_WARN_UNREACHABLE_CODE = YES;
				CLANG_WARN__DUPLICATE_METHOD_MATCH = YES;
				"CODE_SIGN_IDENTITY[sdk=iphoneos*]" = "iPhone Developer";
				COPY_PHASE_STRIP = NO;
				DEBUG_INFORMATION_FORMAT = "dwarf-with-dsym";
				ENABLE_NS_ASSERTIONS = NO;
				ENABLE_STRICT_OBJC_MSGSEND = YES;
				GCC_C_LANGUAGE_STANDARD = gnu99;
				GCC_NO_COMMON_BLOCKS = YES;
				GCC_WARN_64_TO_32_BIT_CONVERSION = YES;
				GCC_WARN_ABOUT_RETURN_TYPE = YES_ERROR;
				GCC_WARN_UNDECLARED_SELECTOR = YES;
				GCC_WARN_UNINITIALIZED_AUTOS = YES_AGGRESSIVE;
				GCC_WARN_UNUSED_FUNCTION = YES;
				GCC_WARN_UNUSED_VARIABLE = YES;
				IPHONEOS_DEPLOYMENT_TARGET = 9.3;
				MTL_ENABLE_DEBUG_INFO = NO;
				SDKROOT = iphoneos;
				TARGETED_DEVICE_FAMILY = "1,2";
				VALIDATE_PRODUCT = YES;
			};
			name = Release;
		};
		74292A161CC0721B0029FE3D /* Debug */ = {
			isa = XCBuildConfiguration;
			buildSettings = {
				ASSETCATALOG_COMPILER_APPICON_NAME = AppIcon;
				INFOPLIST_FILE = section5_app_stopwatch/Info.plist;
				LD_RUNPATH_SEARCH_PATHS = "$(inherited) @executable_path/Frameworks";
				PRODUCT_BUNDLE_IDENTIFIER = "anuchaturvedi.section5-app-stopwatch";
				PRODUCT_NAME = "$(TARGET_NAME)";
			};
			name = Debug;
		};
		74292A171CC0721B0029FE3D /* Release */ = {
			isa = XCBuildConfiguration;
			buildSettings = {
				ASSETCATALOG_COMPILER_APPICON_NAME = AppIcon;
				INFOPLIST_FILE = section5_app_stopwatch/Info.plist;
				LD_RUNPATH_SEARCH_PATHS = "$(inherited) @executable_path/Frameworks";
				PRODUCT_BUNDLE_IDENTIFIER = "anuchaturvedi.section5-app-stopwatch";
				PRODUCT_NAME = "$(TARGET_NAME)";
			};
			name = Release;
		};
		74292A191CC0721B0029FE3D /* Debug */ = {
			isa = XCBuildConfiguration;
			buildSettings = {
				BUNDLE_LOADER = "$(TEST_HOST)";
				INFOPLIST_FILE = section5_app_stopwatchTests/Info.plist;
				LD_RUNPATH_SEARCH_PATHS = "$(inherited) @executable_path/Frameworks @loader_path/Frameworks";
				PRODUCT_BUNDLE_IDENTIFIER = "anuchaturvedi.section5-app-stopwatchTests";
				PRODUCT_NAME = "$(TARGET_NAME)";
				TEST_HOST = "$(BUILT_PRODUCTS_DIR)/section5_app_stopwatch.app/section5_app_stopwatch";
			};
			name = Debug;
		};
		74292A1A1CC0721B0029FE3D /* Release */ = {
			isa = XCBuildConfiguration;
			buildSettings = {
				BUNDLE_LOADER = "$(TEST_HOST)";
				INFOPLIST_FILE = section5_app_stopwatchTests/Info.plist;
				LD_RUNPATH_SEARCH_PATHS = "$(inherited) @executable_path/Frameworks @loader_path/Frameworks";
				PRODUCT_BUNDLE_IDENTIFIER = "anuchaturvedi.section5-app-stopwatchTests";
				PRODUCT_NAME = "$(TARGET_NAME)";
				TEST_HOST = "$(BUILT_PRODUCTS_DIR)/section5_app_stopwatch.app/section5_app_stopwatch";
			};
			name = Release;
		};
		74292A1C1CC0721B0029FE3D /* Debug */ = {
			isa = XCBuildConfiguration;
			buildSettings = {
				INFOPLIST_FILE = section5_app_stopwatchUITests/Info.plist;
				LD_RUNPATH_SEARCH_PATHS = "$(inherited) @executable_path/Frameworks @loader_path/Frameworks";
				PRODUCT_BUNDLE_IDENTIFIER = "anuchaturvedi.section5-app-stopwatchUITests";
				PRODUCT_NAME = "$(TARGET_NAME)";
				TEST_TARGET_NAME = section5_app_stopwatch;
			};
			name = Debug;
		};
		74292A1D1CC0721B0029FE3D /* Release */ = {
			isa = XCBuildConfiguration;
			buildSettings = {
				INFOPLIST_FILE = section5_app_stopwatchUITests/Info.plist;
				LD_RUNPATH_SEARCH_PATHS = "$(inherited) @executable_path/Frameworks @loader_path/Frameworks";
				PRODUCT_BUNDLE_IDENTIFIER = "anuchaturvedi.section5-app-stopwatchUITests";
				PRODUCT_NAME = "$(TARGET_NAME)";
				TEST_TARGET_NAME = section5_app_stopwatch;
			};
			name = Release;
		};
/* End XCBuildConfiguration section */

/* Begin XCConfigurationList section */
		742929E81CC0721B0029FE3D /* Build configuration list for PBXProject "section5_app_stopwatch" */ = {
			isa = XCConfigurationList;
			buildConfigurations = (
				74292A131CC0721B0029FE3D /* Debug */,
				74292A141CC0721B0029FE3D /* Release */,
			);
			defaultConfigurationIsVisible = 0;
			defaultConfigurationName = Release;
		};
		74292A151CC0721B0029FE3D /* Build configuration list for PBXNativeTarget "section5_app_stopwatch" */ = {
			isa = XCConfigurationList;
			buildConfigurations = (
				74292A161CC0721B0029FE3D /* Debug */,
				74292A171CC0721B0029FE3D /* Release */,
			);
			defaultConfigurationIsVisible = 0;
		};
		74292A181CC0721B0029FE3D /* Build configuration list for PBXNativeTarget "section5_app_stopwatchTests" */ = {
			isa = XCConfigurationList;
			buildConfigurations = (
				74292A191CC0721B0029FE3D /* Debug */,
				74292A1A1CC0721B0029FE3D /* Release */,
			);
			defaultConfigurationIsVisible = 0;
		};
		74292A1B1CC0721B0029FE3D /* Build configuration list for PBXNativeTarget "section5_app_stopwatchUITests" */ = {
			isa = XCConfigurationList;
			buildConfigurations = (
				74292A1C1CC0721B0029FE3D /* Debug */,
				74292A1D1CC0721B0029FE3D /* Release */,
			);
			defaultConfigurationIsVisible = 0;
		};
/* End XCConfigurationList section */
	};
	rootObject = 742929E51CC0721B0029FE3D /* Project object */;
}
